// !$*UTF8*$!
{
	archiveVersion = 1;
	classes = {
	};
	objectVersion = 50;
	objects = {

/* Begin PBXBuildFile section */
		6B8DF3AE21D6C4310061F1BC /* AppDelegate.swift in Sources */ = {isa = PBXBuildFile; fileRef = 6B8DF3AD21D6C4310061F1BC /* AppDelegate.swift */; };
		6B8DF3B021D6C4310061F1BC /* ViewController.swift in Sources */ = {isa = PBXBuildFile; fileRef = 6B8DF3AF21D6C4310061F1BC /* ViewController.swift */; };
		6B8DF3B321D6C4310061F1BC /* Main.storyboard in Resources */ = {isa = PBXBuildFile; fileRef = 6B8DF3B121D6C4310061F1BC /* Main.storyboard */; };
		6B8DF3B521D6C4410061F1BC /* Assets.xcassets in Resources */ = {isa = PBXBuildFile; fileRef = 6B8DF3B421D6C4410061F1BC /* Assets.xcassets */; };
		6B8DF3B821D6C4410061F1BC /* LaunchScreen.storyboard in Resources */ = {isa = PBXBuildFile; fileRef = 6B8DF3B621D6C4410061F1BC /* LaunchScreen.storyboard */; };
		6B8DF3C321D6C4420061F1BC /* WOW_METests.swift in Sources */ = {isa = PBXBuildFile; fileRef = 6B8DF3C221D6C4420061F1BC /* WOW_METests.swift */; };
		6B8DF3CE21D6C4420061F1BC /* WOW_MEUITests.swift in Sources */ = {isa = PBXBuildFile; fileRef = 6B8DF3CD21D6C4420061F1BC /* WOW_MEUITests.swift */; };
/* End PBXBuildFile section */

/* Begin PBXContainerItemProxy section */
		6B8DF3BF21D6C4420061F1BC /* PBXContainerItemProxy */ = {
			isa = PBXContainerItemProxy;
			containerPortal = 6B8DF3A221D6C4300061F1BC /* Project object */;
			proxyType = 1;
			remoteGlobalIDString = 6B8DF3A921D6C4310061F1BC;
			remoteInfo = "WOW ME";
		};
		6B8DF3CA21D6C4420061F1BC /* PBXContainerItemProxy */ = {
			isa = PBXContainerItemProxy;
			containerPortal = 6B8DF3A221D6C4300061F1BC /* Project object */;
			proxyType = 1;
			remoteGlobalIDString = 6B8DF3A921D6C4310061F1BC;
			remoteInfo = "WOW ME";
		};
/* End PBXContainerItemProxy section */

/* Begin PBXFileReference section */
		6B8DF3AA21D6C4310061F1BC /* WOW ME.app */ = {isa = PBXFileReference; explicitFileType = wrapper.application; includeInIndex = 0; path = "WOW ME.app"; sourceTree = BUILT_PRODUCTS_DIR; };
		6B8DF3AD21D6C4310061F1BC /* AppDelegate.swift */ = {isa = PBXFileReference; lastKnownFileType = sourcecode.swift; path = AppDelegate.swift; sourceTree = "<group>"; };
		6B8DF3AF21D6C4310061F1BC /* ViewController.swift */ = {isa = PBXFileReference; lastKnownFileType = sourcecode.swift; path = ViewController.swift; sourceTree = "<group>"; };
		6B8DF3B221D6C4310061F1BC /* Base */ = {isa = PBXFileReference; lastKnownFileType = file.storyboard; name = Base; path = Base.lproj/Main.storyboard; sourceTree = "<group>"; };
		6B8DF3B421D6C4410061F1BC /* Assets.xcassets */ = {isa = PBXFileReference; lastKnownFileType = folder.assetcatalog; path = Assets.xcassets; sourceTree = "<group>"; };
		6B8DF3B721D6C4410061F1BC /* Base */ = {isa = PBXFileReference; lastKnownFileType = file.storyboard; name = Base; path = Base.lproj/LaunchScreen.storyboard; sourceTree = "<group>"; };
		6B8DF3B921D6C4410061F1BC /* Info.plist */ = {isa = PBXFileReference; lastKnownFileType = text.plist.xml; path = Info.plist; sourceTree = "<group>"; };
		6B8DF3BE21D6C4420061F1BC /* WOW METests.xctest */ = {isa = PBXFileReference; explicitFileType = wrapper.cfbundle; includeInIndex = 0; path = "WOW METests.xctest"; sourceTree = BUILT_PRODUCTS_DIR; };
		6B8DF3C221D6C4420061F1BC /* WOW_METests.swift */ = {isa = PBXFileReference; lastKnownFileType = sourcecode.swift; path = WOW_METests.swift; sourceTree = "<group>"; };
		6B8DF3C421D6C4420061F1BC /* Info.plist */ = {isa = PBXFileReference; lastKnownFileType = text.plist.xml; path = Info.plist; sourceTree = "<group>"; };
		6B8DF3C921D6C4420061F1BC /* WOW MEUITests.xctest */ = {isa = PBXFileReference; explicitFileType = wrapper.cfbundle; includeInIndex = 0; path = "WOW MEUITests.xctest"; sourceTree = BUILT_PRODUCTS_DIR; };
		6B8DF3CD21D6C4420061F1BC /* WOW_MEUITests.swift */ = {isa = PBXFileReference; lastKnownFileType = sourcecode.swift; path = WOW_MEUITests.swift; sourceTree = "<group>"; };
		6B8DF3CF21D6C4420061F1BC /* Info.plist */ = {isa = PBXFileReference; lastKnownFileType = text.plist.xml; path = Info.plist; sourceTree = "<group>"; };
/* End PBXFileReference section */

/* Begin PBXFrameworksBuildPhase section */
		6B8DF3A721D6C4310061F1BC /* Frameworks */ = {
			isa = PBXFrameworksBuildPhase;
			buildActionMask = 2147483647;
			files = (
			);
			runOnlyForDeploymentPostprocessing = 0;
		};
		6B8DF3BB21D6C4420061F1BC /* Frameworks */ = {
			isa = PBXFrameworksBuildPhase;
			buildActionMask = 2147483647;
			files = (
			);
			runOnlyForDeploymentPostprocessing = 0;
		};
		6B8DF3C621D6C4420061F1BC /* Frameworks */ = {
			isa = PBXFrameworksBuildPhase;
			buildActionMask = 2147483647;
			files = (
			);
			runOnlyForDeploymentPostprocessing = 0;
		};
/* End PBXFrameworksBuildPhase section */

/* Begin PBXGroup section */
		6B8DF3A121D6C4300061F1BC = {
			isa = PBXGroup;
			children = (
				6B8DF3AC21D6C4310061F1BC /* WOW ME */,
				6B8DF3C121D6C4420061F1BC /* WOW METests */,
				6B8DF3CC21D6C4420061F1BC /* WOW MEUITests */,
				6B8DF3AB21D6C4310061F1BC /* Products */,
			);
			sourceTree = "<group>";
		};
		6B8DF3AB21D6C4310061F1BC /* Products */ = {
			isa = PBXGroup;
			children = (
				6B8DF3AA21D6C4310061F1BC /* WOW ME.app */,
				6B8DF3BE21D6C4420061F1BC /* WOW METests.xctest */,
				6B8DF3C921D6C4420061F1BC /* WOW MEUITests.xctest */,
			);
			name = Products;
			sourceTree = "<group>";
		};
		6B8DF3AC21D6C4310061F1BC /* WOW ME */ = {
			isa = PBXGroup;
			children = (
				6B8DF3AD21D6C4310061F1BC /* AppDelegate.swift */,
				6B8DF3AF21D6C4310061F1BC /* ViewController.swift */,
				6B8DF3B121D6C4310061F1BC /* Main.storyboard */,
				6B8DF3B421D6C4410061F1BC /* Assets.xcassets */,
				6B8DF3B621D6C4410061F1BC /* LaunchScreen.storyboard */,
				6B8DF3B921D6C4410061F1BC /* Info.plist */,
			);
			path = "WOW ME";
			sourceTree = "<group>";
		};
		6B8DF3C121D6C4420061F1BC /* WOW METests */ = {
			isa = PBXGroup;
			children = (
				6B8DF3C221D6C4420061F1BC /* WOW_METests.swift */,
				6B8DF3C421D6C4420061F1BC /* Info.plist */,
			);
			path = "WOW METests";
			sourceTree = "<group>";
		};
		6B8DF3CC21D6C4420061F1BC /* WOW MEUITests */ = {
			isa = PBXGroup;
			children = (
				6B8DF3CD21D6C4420061F1BC /* WOW_MEUITests.swift */,
				6B8DF3CF21D6C4420061F1BC /* Info.plist */,
			);
			path = "WOW MEUITests";
			sourceTree = "<group>";
		};
/* End PBXGroup section */

/* Begin PBXNativeTarget section */
		6B8DF3A921D6C4310061F1BC /* WOW ME */ = {
			isa = PBXNativeTarget;
			buildConfigurationList = 6B8DF3D221D6C4420061F1BC /* Build configuration list for PBXNativeTarget "WOW ME" */;
			buildPhases = (
				6B8DF3A621D6C4310061F1BC /* Sources */,
				6B8DF3A721D6C4310061F1BC /* Frameworks */,
				6B8DF3A821D6C4310061F1BC /* Resources */,
			);
			buildRules = (
			);
			dependencies = (
			);
			name = "WOW ME";
			productName = "WOW ME";
			productReference = 6B8DF3AA21D6C4310061F1BC /* WOW ME.app */;
			productType = "com.apple.product-type.application";
		};
		6B8DF3BD21D6C4420061F1BC /* WOW METests */ = {
			isa = PBXNativeTarget;
			buildConfigurationList = 6B8DF3D521D6C4420061F1BC /* Build configuration list for PBXNativeTarget "WOW METests" */;
			buildPhases = (
				6B8DF3BA21D6C4420061F1BC /* Sources */,
				6B8DF3BB21D6C4420061F1BC /* Frameworks */,
				6B8DF3BC21D6C4420061F1BC /* Resources */,
			);
			buildRules = (
			);
			dependencies = (
				6B8DF3C021D6C4420061F1BC /* PBXTargetDependency */,
			);
			name = "WOW METests";
			productName = "WOW METests";
			productReference = 6B8DF3BE21D6C4420061F1BC /* WOW METests.xctest */;
			productType = "com.apple.product-type.bundle.unit-test";
		};
		6B8DF3C821D6C4420061F1BC /* WOW MEUITests */ = {
			isa = PBXNativeTarget;
			buildConfigurationList = 6B8DF3D821D6C4420061F1BC /* Build configuration list for PBXNativeTarget "WOW MEUITests" */;
			buildPhases = (
				6B8DF3C521D6C4420061F1BC /* Sources */,
				6B8DF3C621D6C4420061F1BC /* Frameworks */,
				6B8DF3C721D6C4420061F1BC /* Resources */,
			);
			buildRules = (
			);
			dependencies = (
				6B8DF3CB21D6C4420061F1BC /* PBXTargetDependency */,
			);
			name = "WOW MEUITests";
			productName = "WOW MEUITests";
			productReference = 6B8DF3C921D6C4420061F1BC /* WOW MEUITests.xctest */;
			productType = "com.apple.product-type.bundle.ui-testing";
		};
/* End PBXNativeTarget section */

/* Begin PBXProject section */
		6B8DF3A221D6C4300061F1BC /* Project object */ = {
			isa = PBXProject;
			attributes = {
				LastSwiftUpdateCheck = 1010;
				LastUpgradeCheck = 1010;
				ORGANIZATIONNAME = "Eldoret Artisans";
				TargetAttributes = {
					6B8DF3A921D6C4310061F1BC = {
						CreatedOnToolsVersion = 10.1;
					};
					6B8DF3BD21D6C4420061F1BC = {
						CreatedOnToolsVersion = 10.1;
						TestTargetID = 6B8DF3A921D6C4310061F1BC;
					};
					6B8DF3C821D6C4420061F1BC = {
						CreatedOnToolsVersion = 10.1;
						TestTargetID = 6B8DF3A921D6C4310061F1BC;
					};
				};
			};
			buildConfigurationList = 6B8DF3A521D6C4300061F1BC /* Build configuration list for PBXProject "WOW ME" */;
			compatibilityVersion = "Xcode 9.3";
			developmentRegion = en;
			hasScannedForEncodings = 0;
			knownRegions = (
				en,
				Base,
			);
			mainGroup = 6B8DF3A121D6C4300061F1BC;
			productRefGroup = 6B8DF3AB21D6C4310061F1BC /* Products */;
			projectDirPath = "";
			projectRoot = "";
			targets = (
				6B8DF3A921D6C4310061F1BC /* WOW ME */,
				6B8DF3BD21D6C4420061F1BC /* WOW METests */,
				6B8DF3C821D6C4420061F1BC /* WOW MEUITests */,
			);
		};
/* End PBXProject section */

/* Begin PBXResourcesBuildPhase section */
		6B8DF3A821D6C4310061F1BC /* Resources */ = {
			isa = PBXResourcesBuildPhase;
			buildActionMask = 2147483647;
			files = (
				6B8DF3B821D6C4410061F1BC /* LaunchScreen.storyboard in Resources */,
				6B8DF3B521D6C4410061F1BC /* Assets.xcassets in Resources */,
				6B8DF3B321D6C4310061F1BC /* Main.storyboard in Resources */,
			);
			runOnlyForDeploymentPostprocessing = 0;
		};
		6B8DF3BC21D6C4420061F1BC /* Resources */ = {
			isa = PBXResourcesBuildPhase;
			buildActionMask = 2147483647;
			files = (
			);
			runOnlyForDeploymentPostprocessing = 0;
		};
		6B8DF3C721D6C4420061F1BC /* Resources */ = {
			isa = PBXResourcesBuildPhase;
			buildActionMask = 2147483647;
			files = (
			);
			runOnlyForDeploymentPostprocessing = 0;
		};
/* End PBXResourcesBuildPhase section */

/* Begin PBXSourcesBuildPhase section */
		6B8DF3A621D6C4310061F1BC /* Sources */ = {
			isa = PBXSourcesBuildPhase;
			buildActionMask = 2147483647;
			files = (
				6B8DF3B021D6C4310061F1BC /* ViewController.swift in Sources */,
				6B8DF3AE21D6C4310061F1BC /* AppDelegate.swift in Sources */,
			);
			runOnlyForDeploymentPostprocessing = 0;
		};
		6B8DF3BA21D6C4420061F1BC /* Sources */ = {
			isa = PBXSourcesBuildPhase;
			buildActionMask = 2147483647;
			files = (
				6B8DF3C321D6C4420061F1BC /* WOW_METests.swift in Sources */,
			);
			runOnlyForDeploymentPostprocessing = 0;
		};
		6B8DF3C521D6C4420061F1BC /* Sources */ = {
			isa = PBXSourcesBuildPhase;
			buildActionMask = 2147483647;
			files = (
				6B8DF3CE21D6C4420061F1BC /* WOW_MEUITests.swift in Sources */,
			);
			runOnlyForDeploymentPostprocessing = 0;
		};
/* End PBXSourcesBuildPhase section */

/* Begin PBXTargetDependency section */
		6B8DF3C021D6C4420061F1BC /* PBXTargetDependency */ = {
			isa = PBXTargetDependency;
			target = 6B8DF3A921D6C4310061F1BC /* WOW ME */;
			targetProxy = 6B8DF3BF21D6C4420061F1BC /* PBXContainerItemProxy */;
		};
		6B8DF3CB21D6C4420061F1BC /* PBXTargetDependency */ = {
			isa = PBXTargetDependency;
			target = 6B8DF3A921D6C4310061F1BC /* WOW ME */;
			targetProxy = 6B8DF3CA21D6C4420061F1BC /* PBXContainerItemProxy */;
		};
/* End PBXTargetDependency section */

/* Begin PBXVariantGroup section */
		6B8DF3B121D6C4310061F1BC /* Main.storyboard */ = {
			isa = PBXVariantGroup;
			children = (
				6B8DF3B221D6C4310061F1BC /* Base */,
			);
			name = Main.storyboard;
			sourceTree = "<group>";
		};
		6B8DF3B621D6C4410061F1BC /* LaunchScreen.storyboard */ = {
			isa = PBXVariantGroup;
			children = (
				6B8DF3B721D6C4410061F1BC /* Base */,
			);
			name = LaunchScreen.storyboard;
			sourceTree = "<group>";
		};
/* End PBXVariantGroup section */

/* Begin XCBuildConfiguration section */
		6B8DF3D021D6C4420061F1BC /* Debug */ = {
			isa = XCBuildConfiguration;
			buildSettings = {
				ALWAYS_SEARCH_USER_PATHS = NO;
				CLANG_ANALYZER_NONNULL = YES;
				CLANG_ANALYZER_NUMBER_OBJECT_CONVERSION = YES_AGGRESSIVE;
				CLANG_CXX_LANGUAGE_STANDARD = "gnu++14";
				CLANG_CXX_LIBRARY = "libc++";
				CLANG_ENABLE_MODULES = YES;
				CLANG_ENABLE_OBJC_ARC = YES;
				CLANG_ENABLE_OBJC_WEAK = YES;
				CLANG_WARN_BLOCK_CAPTURE_AUTORELEASING = YES;
				CLANG_WARN_BOOL_CONVERSION = YES;
				CLANG_WARN_COMMA = YES;
				CLANG_WARN_CONSTANT_CONVERSION = YES;
				CLANG_WARN_DEPRECATED_OBJC_IMPLEMENTATIONS = YES;
				CLANG_WARN_DIRECT_OBJC_ISA_USAGE = YES_ERROR;
				CLANG_WARN_DOCUMENTATION_COMMENTS = YES;
				CLANG_WARN_EMPTY_BODY = YES;
				CLANG_WARN_ENUM_CONVERSION = YES;
				CLANG_WARN_INFINITE_RECURSION = YES;
				CLANG_WARN_INT_CONVERSION = YES;
				CLANG_WARN_NON_LITERAL_NULL_CONVERSION = YES;
				CLANG_WARN_OBJC_IMPLICIT_RETAIN_SELF = YES;
				CLANG_WARN_OBJC_LITERAL_CONVERSION = YES;
				CLANG_WARN_OBJC_ROOT_CLASS = YES_ERROR;
				CLANG_WARN_RANGE_LOOP_ANALYSIS = YES;
				CLANG_WARN_STRICT_PROTOTYPES = YES;
				CLANG_WARN_SUSPICIOUS_MOVE = YES;
				CLANG_WARN_UNGUARDED_AVAILABILITY = YES_AGGRESSIVE;
				CLANG_WARN_UNREACHABLE_CODE = YES;
				CLANG_WARN__DUPLICATE_METHOD_MATCH = YES;
				CODE_SIGN_IDENTITY = "iPhone Developer";
				COPY_PHASE_STRIP = NO;
				DEBUG_INFORMATION_FORMAT = dwarf;
				ENABLE_STRICT_OBJC_MSGSEND = YES;
				ENABLE_TESTABILITY = YES;
				GCC_C_LANGUAGE_STANDARD = gnu11;
				GCC_DYNAMIC_NO_PIC = NO;
				GCC_NO_COMMON_BLOCKS = YES;
				GCC_OPTIMIZATION_LEVEL = 0;
				GCC_PREPROCESSOR_DEFINITIONS = (
					"DEBUG=1",
					"$(inherited)",
				);
				GCC_WARN_64_TO_32_BIT_CONVERSION = YES;
				GCC_WARN_ABOUT_RETURN_TYPE = YES_ERROR;
				GCC_WARN_UNDECLARED_SELECTOR = YES;
				GCC_WARN_UNINITIALIZED_AUTOS = YES_AGGRESSIVE;
				GCC_WARN_UNUSED_FUNCTION = YES;
				GCC_WARN_UNUSED_VARIABLE = YES;
				IPHONEOS_DEPLOYMENT_TARGET = 12.1;
				MTL_ENABLE_DEBUG_INFO = INCLUDE_SOURCE;
				MTL_FAST_MATH = YES;
				ONLY_ACTIVE_ARCH = YES;
				SDKROOT = iphoneos;
				SWIFT_ACTIVE_COMPILATION_CONDITIONS = DEBUG;
				SWIFT_OPTIMIZATION_LEVEL = "-Onone";
			};
			name = Debug;
		};
		6B8DF3D121D6C4420061F1BC /* Release */ = {
			isa = XCBuildConfiguration;
			buildSettings = {
				ALWAYS_SEARCH_USER_PATHS = NO;
				CLANG_ANALYZER_NONNULL = YES;
				CLANG_ANALYZER_NUMBER_OBJECT_CONVERSION = YES_AGGRESSIVE;
				CLANG_CXX_LANGUAGE_STANDARD = "gnu++14";
				CLANG_CXX_LIBRARY = "libc++";
				CLANG_ENABLE_MODULES = YES;
				CLANG_ENABLE_OBJC_ARC = YES;
				CLANG_ENABLE_OBJC_WEAK = YES;
				CLANG_WARN_BLOCK_CAPTURE_AUTORELEASING = YES;
				CLANG_WARN_BOOL_CONVERSION = YES;
				CLANG_WARN_COMMA = YES;
				CLANG_WARN_CONSTANT_CONVERSION = YES;
				CLANG_WARN_DEPRECATED_OBJC_IMPLEMENTATIONS = YES;
				CLANG_WARN_DIRECT_OBJC_ISA_USAGE = YES_ERROR;
				CLANG_WARN_DOCUMENTATION_COMMENTS = YES;
				CLANG_WARN_EMPTY_BODY = YES;
				CLANG_WARN_ENUM_CONVERSION = YES;
				CLANG_WARN_INFINITE_RECURSION = YES;
				CLANG_WARN_INT_CONVERSION = YES;
				CLANG_WARN_NON_LITERAL_NULL_CONVERSION = YES;
				CLANG_WARN_OBJC_IMPLICIT_RETAIN_SELF = YES;
				CLANG_WARN_OBJC_LITERAL_CONVERSION = YES;
				CLANG_WARN_OBJC_ROOT_CLASS = YES_ERROR;
				CLANG_WARN_RANGE_LOOP_ANALYSIS = YES;
				CLANG_WARN_STRICT_PROTOTYPES = YES;
				CLANG_WARN_SUSPICIOUS_MOVE = YES;
				CLANG_WARN_UNGUARDED_AVAILABILITY = YES_AGGRESSIVE;
				CLANG_WARN_UNREACHABLE_CODE = YES;
				CLANG_WARN__DUPLICATE_METHOD_MATCH = YES;
				CODE_SIGN_IDENTITY = "iPhone Developer";
				COPY_PHASE_STRIP = NO;
				DEBUG_INFORMATION_FORMAT = "dwarf-with-dsym";
				ENABLE_NS_ASSERTIONS = NO;
				ENABLE_STRICT_OBJC_MSGSEND = YES;
				GCC_C_LANGUAGE_STANDARD = gnu11;
				GCC_NO_COMMON_BLOCKS = YES;
				GCC_WARN_64_TO_32_BIT_CONVERSION = YES;
				GCC_WARN_ABOUT_RETURN_TYPE = YES_ERROR;
				GCC_WARN_UNDECLARED_SELECTOR = YES;
				GCC_WARN_UNINITIALIZED_AUTOS = YES_AGGRESSIVE;
				GCC_WARN_UNUSED_FUNCTION = YES;
				GCC_WARN_UNUSED_VARIABLE = YES;
				IPHONEOS_DEPLOYMENT_TARGET = 12.1;
				MTL_ENABLE_DEBUG_INFO = NO;
				MTL_FAST_MATH = YES;
				SDKROOT = iphoneos;
				SWIFT_COMPILATION_MODE = wholemodule;
				SWIFT_OPTIMIZATION_LEVEL = "-O";
				VALIDATE_PRODUCT = YES;
			};
			name = Release;
		};
		6B8DF3D321D6C4420061F1BC /* Debug */ = {
			isa = XCBuildConfiguration;
			buildSettings = {
				ASSETCATALOG_COMPILER_APPICON_NAME = AppIcon;
				CODE_SIGN_STYLE = Automatic;
				INFOPLIST_FILE = "WOW ME/Info.plist";
				LD_RUNPATH_SEARCH_PATHS = (
					"$(inherited)",
					"@executable_path/Frameworks",
				);
				PRODUCT_BUNDLE_IDENTIFIER = "GRT.WOW-ME";
				PRODUCT_NAME = "$(TARGET_NAME)";
				SWIFT_VERSION = 4.2;
				TARGETED_DEVICE_FAMILY = "1,2";
			};
			name = Debug;
		};
		6B8DF3D421D6C4420061F1BC /* Release */ = {
			isa = XCBuildConfiguration;
			buildSettings = {
				ASSETCATALOG_COMPILER_APPICON_NAME = AppIcon;
				CODE_SIGN_STYLE = Automatic;
				INFOPLIST_FILE = "WOW ME/Info.plist";
				LD_RUNPATH_SEARCH_PATHS = (
					"$(inherited)",
					"@executable_path/Frameworks",
				);
				PRODUCT_BUNDLE_IDENTIFIER = "GRT.WOW-ME";
				PRODUCT_NAME = "$(TARGET_NAME)";
				SWIFT_VERSION = 4.2;
				TARGETED_DEVICE_FAMILY = "1,2";
			};
			name = Release;
		};
		6B8DF3D621D6C4420061F1BC /* Debug */ = {
			isa = XCBuildConfiguration;
			buildSettings = {
				ALWAYS_EMBED_SWIFT_STANDARD_LIBRARIES = YES;
				BUNDLE_LOADER = "$(TEST_HOST)";
				CODE_SIGN_STYLE = Automatic;
				INFOPLIST_FILE = "WOW METests/Info.plist";
				LD_RUNPATH_SEARCH_PATHS = (
					"$(inherited)",
					"@executable_path/Frameworks",
					"@loader_path/Frameworks",
				);
				PRODUCT_BUNDLE_IDENTIFIER = "GRT.WOW-METests";
				PRODUCT_NAME = "$(TARGET_NAME)";
				SWIFT_VERSION = 4.2;
				TARGETED_DEVICE_FAMILY = "1,2";
				TEST_HOST = "$(BUILT_PRODUCTS_DIR)/WOW ME.app/WOW ME";
			};
			name = Debug;
		};
		6B8DF3D721D6C4420061F1BC /* Release */ = {
			isa = XCBuildConfiguration;
			buildSettings = {
				ALWAYS_EMBED_SWIFT_STANDARD_LIBRARIES = YES;
				BUNDLE_LOADER = "$(TEST_HOST)";
				CODE_SIGN_STYLE = Automatic;
				INFOPLIST_FILE = "WOW METests/Info.plist";
				LD_RUNPATH_SEARCH_PATHS = (
					"$(inherited)",
					"@executable_path/Frameworks",
					"@loader_path/Frameworks",
				);
				PRODUCT_BUNDLE_IDENTIFIER = "GRT.WOW-METests";
				PRODUCT_NAME = "$(TARGET_NAME)";
				SWIFT_VERSION = 4.2;
				TARGETED_DEVICE_FAMILY = "1,2";
				TEST_HOST = "$(BUILT_PRODUCTS_DIR)/WOW ME.app/WOW ME";
			};
			name = Release;
		};
		6B8DF3D921D6C4420061F1BC /* Debug */ = {
			isa = XCBuildConfiguration;
			buildSettings = {
				ALWAYS_EMBED_SWIFT_STANDARD_LIBRARIES = YES;
				CODE_SIGN_STYLE = Automatic;
				INFOPLIST_FILE = "WOW MEUITests/Info.plist";
				LD_RUNPATH_SEARCH_PATHS = (
					"$(inherited)",
					"@executable_path/Frameworks",
					"@loader_path/Frameworks",
				);
				PRODUCT_BUNDLE_IDENTIFIER = "GRT.WOW-MEUITests";
				PRODUCT_NAME = "$(TARGET_NAME)";
				SWIFT_VERSION = 4.2;
				TARGETED_DEVICE_FAMILY = "1,2";
				TEST_TARGET_NAME = "WOW ME";
			};
			name = Debug;
		};
		6B8DF3DA21D6C4420061F1BC /* Release */ = {
			isa = XCBuildConfiguration;
			buildSettings = {
				ALWAYS_EMBED_SWIFT_STANDARD_LIBRARIES = YES;
				CODE_SIGN_STYLE = Automatic;
				INFOPLIST_FILE = "WOW MEUITests/Info.plist";
				LD_RUNPATH_SEARCH_PATHS = (
					"$(inherited)",
					"@executable_path/Frameworks",
					"@loader_path/Frameworks",
				);
				PRODUCT_BUNDLE_IDENTIFIER = "GRT.WOW-MEUITests";
				PRODUCT_NAME = "$(TARGET_NAME)";
				SWIFT_VERSION = 4.2;
				TARGETED_DEVICE_FAMILY = "1,2";
				TEST_TARGET_NAME = "WOW ME";
			};
			name = Release;
		};
/* End XCBuildConfiguration section */

/* Begin XCConfigurationList section */
		6B8DF3A521D6C4300061F1BC /* Build configuration list for PBXProject "WOW ME" */ = {
			isa = XCConfigurationList;
			buildConfigurations = (
				6B8DF3D021D6C4420061F1BC /* Debug */,
				6B8DF3D121D6C4420061F1BC /* Release */,
			);
			defaultConfigurationIsVisible = 0;
			defaultConfigurationName = Release;
		};
		6B8DF3D221D6C4420061F1BC /* Build configuration list for PBXNativeTarget "WOW ME" */ = {
			isa = XCConfigurationList;
			buildConfigurations = (
				6B8DF3D321D6C4420061F1BC /* Debug */,
				6B8DF3D421D6C4420061F1BC /* Release */,
			);
			defaultConfigurationIsVisible = 0;
			defaultConfigurationName = Release;
		};
		6B8DF3D521D6C4420061F1BC /* Build configuration list for PBXNativeTarget "WOW METests" */ = {
			isa = XCConfigurationList;
			buildConfigurations = (
				6B8DF3D621D6C4420061F1BC /* Debug */,
				6B8DF3D721D6C4420061F1BC /* Release */,
			);
			defaultConfigurationIsVisible = 0;
			defaultConfigurationName = Release;
		};
		6B8DF3D821D6C4420061F1BC /* Build configuration list for PBXNativeTarget "WOW MEUITests" */ = {
			isa = XCConfigurationList;
			buildConfigurations = (
				6B8DF3D921D6C4420061F1BC /* Debug */,
				6B8DF3DA21D6C4420061F1BC /* Release */,
			);
			defaultConfigurationIsVisible = 0;
			defaultConfigurationName = Release;
		};
/* End XCConfigurationList section */
	};
	rootObject = 6B8DF3A221D6C4300061F1BC /* Project object */;
}
